{
  "name": "efficient-context-protocol",
  "version": "0.1.0",
  "lockfileVersion": 3,
  "requires": true,
  "packages": {
    "": {
      "name": "efficient-context-protocol",
      "version": "0.1.0",
      "license": "MIT",
      "bin": {
        "ecp": "bin/ecp.js"
      },
      "engines": {
        "node": ">=22.22.3 <23"
      }
    }
  }
}
